<?xml version="1.0" encoding="utf-8"?>
<Project ToolsVersion="17.0" xmlns="http://schemas.microsoft.com/developer/msbuild/2003">
  <ItemGroup>
    <CustomBuild Include="D:\TRY_Engine\dev\Try\Libraries\yaml-cpp\CMakeFiles\05b6289e648b4b774a3a1fe23c840cac\uninstall.rule">
      <Filter>CMake Rules</Filter>
    </CustomBuild>
    <CustomBuild Include="D:\TRY_Engine\dev\Try\Libraries\yaml-cpp\CMakeLists.txt" />
  </ItemGroup>
  <ItemGroup>
    <None Include="D:\TRY_Engine\dev\Try\Libraries\yaml-cpp\CMakeFiles\uninstall" />
  </ItemGroup>
  <ItemGroup>
    <Filter Include="CMake Rules">
      <UniqueIdentifier>{02D9A904-F4C9-30C4-BF8C-8429D80CEF54}</UniqueIdentifier>
    </Filter>
  </ItemGroup>
</Project>
